// !$*UTF8*$!
{
	archiveVersion = 1;
	classes = {
	};
	objectVersion = 46;
	objects = {

/* Begin PBXBuildFile section */
		83046BFE1CABD87F00693F83 /* SWXMLHash.swift in Sources */ = {isa = PBXBuildFile; fileRef = 83046BFD1CABD87F00693F83 /* SWXMLHash.swift */; };
		8312598B1CB290F8003870EE /* Apartment.swift in Sources */ = {isa = PBXBuildFile; fileRef = 8312598A1CB290F8003870EE /* Apartment.swift */; };
		831259951CB29150003870EE /* House.swift in Sources */ = {isa = PBXBuildFile; fileRef = 8312598D1CB29150003870EE /* House.swift */; };
		831259971CB29150003870EE /* Region.swift in Sources */ = {isa = PBXBuildFile; fileRef = 8312598F1CB29150003870EE /* Region.swift */; };
		831259991CB29150003870EE /* Photo.swift in Sources */ = {isa = PBXBuildFile; fileRef = 831259911CB29150003870EE /* Photo.swift */; };
		8312599B1CB29150003870EE /* Destination.swift in Sources */ = {isa = PBXBuildFile; fileRef = 831259931CB29150003870EE /* Destination.swift */; };
		83B5B72A1CA9015B00C4D63B /* AppDelegate.swift in Sources */ = {isa = PBXBuildFile; fileRef = 83B5B7291CA9015B00C4D63B /* AppDelegate.swift */; };
		83B5B72C1CA9015B00C4D63B /* DestinationsViewController.swift in Sources */ = {isa = PBXBuildFile; fileRef = 83B5B72B1CA9015B00C4D63B /* DestinationsViewController.swift */; };
		83B5B72F1CA9015B00C4D63B /* Main.storyboard in Resources */ = {isa = PBXBuildFile; fileRef = 83B5B72D1CA9015B00C4D63B /* Main.storyboard */; };
		83B5B7311CA9015B00C4D63B /* Assets.xcassets in Resources */ = {isa = PBXBuildFile; fileRef = 83B5B7301CA9015B00C4D63B /* Assets.xcassets */; };
		83B5B7341CA9015B00C4D63B /* LaunchScreen.storyboard in Resources */ = {isa = PBXBuildFile; fileRef = 83B5B7321CA9015B00C4D63B /* LaunchScreen.storyboard */; };
		83E21A101CAA9E3000BA5EA0 /* Model.xcdatamodeld in Sources */ = {isa = PBXBuildFile; fileRef = 83E21A0E1CAA9E3000BA5EA0 /* Model.xcdatamodeld */; };
		83E21A121CAAED0700BA5EA0 /* CoreDataStackManager.swift in Sources */ = {isa = PBXBuildFile; fileRef = 83E21A111CAAED0700BA5EA0 /* CoreDataStackManager.swift */; };
		83E21A151CAAEF0900BA5EA0 /* NetworkClient.swift in Sources */ = {isa = PBXBuildFile; fileRef = 83E21A141CAAEF0900BA5EA0 /* NetworkClient.swift */; };
		83E21A171CAAEF8000BA5EA0 /* Constants.swift in Sources */ = {isa = PBXBuildFile; fileRef = 83E21A161CAAEF8000BA5EA0 /* Constants.swift */; };
		83EAD55A1D391C7700A58F39 /* RegionsViewController.swift in Sources */ = {isa = PBXBuildFile; fileRef = 83EAD5591D391C7700A58F39 /* RegionsViewController.swift */; };
		83F9E1FC1CED7A8D00C85296 /* DestinationTableViewCell.swift in Sources */ = {isa = PBXBuildFile; fileRef = 83F9E1FB1CED7A8D00C85296 /* DestinationTableViewCell.swift */; };
/* End PBXBuildFile section */

/* Begin PBXFileReference section */
		83046BFD1CABD87F00693F83 /* SWXMLHash.swift */ = {isa = PBXFileReference; fileEncoding = 4; lastKnownFileType = sourcecode.swift; path = SWXMLHash.swift; sourceTree = "<group>"; };
		8312598A1CB290F8003870EE /* Apartment.swift */ = {isa = PBXFileReference; fileEncoding = 4; lastKnownFileType = sourcecode.swift; path = Apartment.swift; sourceTree = "<group>"; };
		8312598D1CB29150003870EE /* House.swift */ = {isa = PBXFileReference; fileEncoding = 4; lastKnownFileType = sourcecode.swift; path = House.swift; sourceTree = "<group>"; };
		8312598F1CB29150003870EE /* Region.swift */ = {isa = PBXFileReference; fileEncoding = 4; lastKnownFileType = sourcecode.swift; path = Region.swift; sourceTree = "<group>"; };
		831259911CB29150003870EE /* Photo.swift */ = {isa = PBXFileReference; fileEncoding = 4; lastKnownFileType = sourcecode.swift; path = Photo.swift; sourceTree = "<group>"; };
		831259931CB29150003870EE /* Destination.swift */ = {isa = PBXFileReference; fileEncoding = 4; lastKnownFileType = sourcecode.swift; path = Destination.swift; sourceTree = "<group>"; };
		83B5B7261CA9015B00C4D63B /* Apartments Croatia.app */ = {isa = PBXFileReference; explicitFileType = wrapper.application; includeInIndex = 0; path = "Apartments Croatia.app"; sourceTree = BUILT_PRODUCTS_DIR; };
		83B5B7291CA9015B00C4D63B /* AppDelegate.swift */ = {isa = PBXFileReference; lastKnownFileType = sourcecode.swift; path = AppDelegate.swift; sourceTree = "<group>"; };
		83B5B72B1CA9015B00C4D63B /* DestinationsViewController.swift */ = {isa = PBXFileReference; lastKnownFileType = sourcecode.swift; path = DestinationsViewController.swift; sourceTree = "<group>"; };
		83B5B72E1CA9015B00C4D63B /* Base */ = {isa = PBXFileReference; lastKnownFileType = file.storyboard; name = Base; path = Base.lproj/Main.storyboard; sourceTree = "<group>"; };
		83B5B7301CA9015B00C4D63B /* Assets.xcassets */ = {isa = PBXFileReference; lastKnownFileType = folder.assetcatalog; path = Assets.xcassets; sourceTree = "<group>"; };
		83B5B7331CA9015B00C4D63B /* Base */ = {isa = PBXFileReference; lastKnownFileType = file.storyboard; name = Base; path = Base.lproj/LaunchScreen.storyboard; sourceTree = "<group>"; };
		83B5B7351CA9015B00C4D63B /* Info.plist */ = {isa = PBXFileReference; lastKnownFileType = text.plist.xml; path = Info.plist; sourceTree = "<group>"; };
		83E21A0F1CAA9E3000BA5EA0 /* Model.xcdatamodel */ = {isa = PBXFileReference; lastKnownFileType = wrapper.xcdatamodel; path = Model.xcdatamodel; sourceTree = "<group>"; };
		83E21A111CAAED0700BA5EA0 /* CoreDataStackManager.swift */ = {isa = PBXFileReference; fileEncoding = 4; lastKnownFileType = sourcecode.swift; path = CoreDataStackManager.swift; sourceTree = "<group>"; };
		83E21A141CAAEF0900BA5EA0 /* NetworkClient.swift */ = {isa = PBXFileReference; fileEncoding = 4; lastKnownFileType = sourcecode.swift; path = NetworkClient.swift; sourceTree = "<group>"; };
		83E21A161CAAEF8000BA5EA0 /* Constants.swift */ = {isa = PBXFileReference; fileEncoding = 4; lastKnownFileType = sourcecode.swift; path = Constants.swift; sourceTree = "<group>"; };
		83EAD5591D391C7700A58F39 /* RegionsViewController.swift */ = {isa = PBXFileReference; fileEncoding = 4; lastKnownFileType = sourcecode.swift; path = RegionsViewController.swift; sourceTree = "<group>"; };
		83F9E1FB1CED7A8D00C85296 /* DestinationTableViewCell.swift */ = {isa = PBXFileReference; fileEncoding = 4; lastKnownFileType = sourcecode.swift; path = DestinationTableViewCell.swift; sourceTree = "<group>"; };
/* End PBXFileReference section */

/* Begin PBXFrameworksBuildPhase section */
		83B5B7231CA9015B00C4D63B /* Frameworks */ = {
			isa = PBXFrameworksBuildPhase;
			buildActionMask = 2147483647;
			files = (
			);
			runOnlyForDeploymentPostprocessing = 0;
		};
/* End PBXFrameworksBuildPhase section */

/* Begin PBXGroup section */
		83046BFF1CABDA4900693F83 /* Destinations */ = {
			isa = PBXGroup;
			children = (
				83B5B72B1CA9015B00C4D63B /* DestinationsViewController.swift */,
			);
			name = Destinations;
			sourceTree = "<group>";
		};
		83B5B71D1CA9015B00C4D63B = {
			isa = PBXGroup;
			children = (
				83B5B7281CA9015B00C4D63B /* Apartments Croatia */,
				83B5B7271CA9015B00C4D63B /* Products */,
			);
			sourceTree = "<group>";
		};
		83B5B7271CA9015B00C4D63B /* Products */ = {
			isa = PBXGroup;
			children = (
				83B5B7261CA9015B00C4D63B /* Apartments Croatia.app */,
			);
			name = Products;
			sourceTree = "<group>";
		};
		83B5B7281CA9015B00C4D63B /* Apartments Croatia */ = {
			isa = PBXGroup;
			children = (
				83B5B7291CA9015B00C4D63B /* AppDelegate.swift */,
				83B5B73B1CA9022000C4D63B /* Model */,
				83B5B73C1CA9022800C4D63B /* View */,
				83B5B73D1CA9022F00C4D63B /* Controller */,
				83B5B73E1CA9024900C4D63B /* Supporting Files */,
				83B5B72D1CA9015B00C4D63B /* Main.storyboard */,
				83B5B7321CA9015B00C4D63B /* LaunchScreen.storyboard */,
			);
			path = "Apartments Croatia";
			sourceTree = "<group>";
		};
		83B5B73B1CA9022000C4D63B /* Model */ = {
			isa = PBXGroup;
			children = (
				83E21A131CAAEEE100BA5EA0 /* NetworkClient */,
				83E21A0E1CAA9E3000BA5EA0 /* Model.xcdatamodeld */,
				8312598F1CB29150003870EE /* Region.swift */,
				831259931CB29150003870EE /* Destination.swift */,
				8312598D1CB29150003870EE /* House.swift */,
				831259911CB29150003870EE /* Photo.swift */,
				8312598A1CB290F8003870EE /* Apartment.swift */,
				83E21A111CAAED0700BA5EA0 /* CoreDataStackManager.swift */,
				83046BFD1CABD87F00693F83 /* SWXMLHash.swift */,
			);
			name = Model;
			sourceTree = "<group>";
		};
		83B5B73C1CA9022800C4D63B /* View */ = {
			isa = PBXGroup;
			children = (
				83F9E1FB1CED7A8D00C85296 /* DestinationTableViewCell.swift */,
			);
			name = View;
			sourceTree = "<group>";
		};
		83B5B73D1CA9022F00C4D63B /* Controller */ = {
			isa = PBXGroup;
			children = (
				83EAD5571D391A2100A58F39 /* Regions */,
				83046BFF1CABDA4900693F83 /* Destinations */,
				83EAD5581D391C2F00A58F39 /* Houses */,
			);
			name = Controller;
			sourceTree = "<group>";
		};
		83B5B73E1CA9024900C4D63B /* Supporting Files */ = {
			isa = PBXGroup;
			children = (
				83B5B7351CA9015B00C4D63B /* Info.plist */,
				83B5B7301CA9015B00C4D63B /* Assets.xcassets */,
			);
			name = "Supporting Files";
			sourceTree = "<group>";
		};
		83E21A131CAAEEE100BA5EA0 /* NetworkClient */ = {
			isa = PBXGroup;
			children = (
				83E21A141CAAEF0900BA5EA0 /* NetworkClient.swift */,
				83E21A161CAAEF8000BA5EA0 /* Constants.swift */,
			);
			name = NetworkClient;
			sourceTree = "<group>";
		};
		83EAD5571D391A2100A58F39 /* Regions */ = {
			isa = PBXGroup;
			children = (
				83EAD5591D391C7700A58F39 /* RegionsViewController.swift */,
			);
			name = Regions;
			sourceTree = "<group>";
		};
		83EAD5581D391C2F00A58F39 /* Houses */ = {
			isa = PBXGroup;
			children = (
			);
			name = Houses;
			sourceTree = "<group>";
		};
/* End PBXGroup section */

/* Begin PBXNativeTarget section */
		83B5B7251CA9015B00C4D63B /* Apartments Croatia */ = {
			isa = PBXNativeTarget;
			buildConfigurationList = 83B5B7381CA9015B00C4D63B /* Build configuration list for PBXNativeTarget "Apartments Croatia" */;
			buildPhases = (
				83B5B7221CA9015B00C4D63B /* Sources */,
				83B5B7231CA9015B00C4D63B /* Frameworks */,
				83B5B7241CA9015B00C4D63B /* Resources */,
			);
			buildRules = (
			);
			dependencies = (
			);
			name = "Apartments Croatia";
			productName = "Apartments Croatia";
			productReference = 83B5B7261CA9015B00C4D63B /* Apartments Croatia.app */;
			productType = "com.apple.product-type.application";
		};
/* End PBXNativeTarget section */

/* Begin PBXProject section */
		83B5B71E1CA9015B00C4D63B /* Project object */ = {
			isa = PBXProject;
			attributes = {
				LastSwiftUpdateCheck = 0720;
				LastUpgradeCheck = 0720;
				ORGANIZATIONNAME = "Ivan Kodrnja";
				TargetAttributes = {
					83B5B7251CA9015B00C4D63B = {
						CreatedOnToolsVersion = 7.2;
					};
				};
			};
			buildConfigurationList = 83B5B7211CA9015B00C4D63B /* Build configuration list for PBXProject "Apartments Croatia" */;
			compatibilityVersion = "Xcode 3.2";
			developmentRegion = English;
			hasScannedForEncodings = 0;
			knownRegions = (
				en,
				Base,
			);
			mainGroup = 83B5B71D1CA9015B00C4D63B;
			productRefGroup = 83B5B7271CA9015B00C4D63B /* Products */;
			projectDirPath = "";
			projectRoot = "";
			targets = (
				83B5B7251CA9015B00C4D63B /* Apartments Croatia */,
			);
		};
/* End PBXProject section */

/* Begin PBXResourcesBuildPhase section */
		83B5B7241CA9015B00C4D63B /* Resources */ = {
			isa = PBXResourcesBuildPhase;
			buildActionMask = 2147483647;
			files = (
				83B5B7341CA9015B00C4D63B /* LaunchScreen.storyboard in Resources */,
				83B5B7311CA9015B00C4D63B /* Assets.xcassets in Resources */,
				83B5B72F1CA9015B00C4D63B /* Main.storyboard in Resources */,
			);
			runOnlyForDeploymentPostprocessing = 0;
		};
/* End PBXResourcesBuildPhase section */

/* Begin PBXSourcesBuildPhase section */
		83B5B7221CA9015B00C4D63B /* Sources */ = {
			isa = PBXSourcesBuildPhase;
			buildActionMask = 2147483647;
			files = (
				83EAD55A1D391C7700A58F39 /* RegionsViewController.swift in Sources */,
				831259991CB29150003870EE /* Photo.swift in Sources */,
				83B5B72C1CA9015B00C4D63B /* DestinationsViewController.swift in Sources */,
				83E21A151CAAEF0900BA5EA0 /* NetworkClient.swift in Sources */,
				831259971CB29150003870EE /* Region.swift in Sources */,
				83046BFE1CABD87F00693F83 /* SWXMLHash.swift in Sources */,
				83E21A121CAAED0700BA5EA0 /* CoreDataStackManager.swift in Sources */,
				83B5B72A1CA9015B00C4D63B /* AppDelegate.swift in Sources */,
				83E21A101CAA9E3000BA5EA0 /* Model.xcdatamodeld in Sources */,
				8312598B1CB290F8003870EE /* Apartment.swift in Sources */,
				831259951CB29150003870EE /* House.swift in Sources */,
				8312599B1CB29150003870EE /* Destination.swift in Sources */,
				83F9E1FC1CED7A8D00C85296 /* DestinationTableViewCell.swift in Sources */,
				83E21A171CAAEF8000BA5EA0 /* Constants.swift in Sources */,
			);
			runOnlyForDeploymentPostprocessing = 0;
		};
/* End PBXSourcesBuildPhase section */

/* Begin PBXVariantGroup section */
		83B5B72D1CA9015B00C4D63B /* Main.storyboard */ = {
			isa = PBXVariantGroup;
			children = (
				83B5B72E1CA9015B00C4D63B /* Base */,
			);
			name = Main.storyboard;
			sourceTree = "<group>";
		};
		83B5B7321CA9015B00C4D63B /* LaunchScreen.storyboard */ = {
			isa = PBXVariantGroup;
			children = (
				83B5B7331CA9015B00C4D63B /* Base */,
			);
			name = LaunchScreen.storyboard;
			sourceTree = "<group>";
		};
/* End PBXVariantGroup section */

/* Begin XCBuildConfiguration section */
		83B5B7361CA9015B00C4D63B /* Debug */ = {
			isa = XCBuildConfiguration;
			buildSettings = {
				ALWAYS_SEARCH_USER_PATHS = NO;
				CLANG_CXX_LANGUAGE_STANDARD = "gnu++0x";
				CLANG_CXX_LIBRARY = "libc++";
				CLANG_ENABLE_MODULES = YES;
				CLANG_ENABLE_OBJC_ARC = YES;
				CLANG_WARN_BOOL_CONVERSION = YES;
				CLANG_WARN_CONSTANT_CONVERSION = YES;
				CLANG_WARN_DIRECT_OBJC_ISA_USAGE = YES_ERROR;
				CLANG_WARN_EMPTY_BODY = YES;
				CLANG_WARN_ENUM_CONVERSION = YES;
				CLANG_WARN_INT_CONVERSION = YES;
				CLANG_WARN_OBJC_ROOT_CLASS = YES_ERROR;
				CLANG_WARN_UNREACHABLE_CODE = YES;
				CLANG_WARN__DUPLICATE_METHOD_MATCH = YES;
				"CODE_SIGN_IDENTITY[sdk=iphoneos*]" = "iPhone Developer";
				COPY_PHASE_STRIP = NO;
				DEBUG_INFORMATION_FORMAT = dwarf;
				ENABLE_STRICT_OBJC_MSGSEND = YES;
				ENABLE_TESTABILITY = YES;
				GCC_C_LANGUAGE_STANDARD = gnu99;
				GCC_DYNAMIC_NO_PIC = NO;
				GCC_NO_COMMON_BLOCKS = YES;
				GCC_OPTIMIZATION_LEVEL = 0;
				GCC_PREPROCESSOR_DEFINITIONS = (
					"DEBUG=1",
					"$(inherited)",
				);
				GCC_WARN_64_TO_32_BIT_CONVERSION = YES;
				GCC_WARN_ABOUT_RETURN_TYPE = YES_ERROR;
				GCC_WARN_UNDECLARED_SELECTOR = YES;
				GCC_WARN_UNINITIALIZED_AUTOS = YES_AGGRESSIVE;
				GCC_WARN_UNUSED_FUNCTION = YES;
				GCC_WARN_UNUSED_VARIABLE = YES;
				IPHONEOS_DEPLOYMENT_TARGET = 9.2;
				MTL_ENABLE_DEBUG_INFO = YES;
				ONLY_ACTIVE_ARCH = YES;
				SDKROOT = iphoneos;
				SWIFT_OPTIMIZATION_LEVEL = "-Onone";
			};
			name = Debug;
		};
		83B5B7371CA9015B00C4D63B /* Release */ = {
			isa = XCBuildConfiguration;
			buildSettings = {
				ALWAYS_SEARCH_USER_PATHS = NO;
				CLANG_CXX_LANGUAGE_STANDARD = "gnu++0x";
				CLANG_CXX_LIBRARY = "libc++";
				CLANG_ENABLE_MODULES = YES;
				CLANG_ENABLE_OBJC_ARC = YES;
				CLANG_WARN_BOOL_CONVERSION = YES;
				CLANG_WARN_CONSTANT_CONVERSION = YES;
				CLANG_WARN_DIRECT_OBJC_ISA_USAGE = YES_ERROR;
				CLANG_WARN_EMPTY_BODY = YES;
				CLANG_WARN_ENUM_CONVERSION = YES;
				CLANG_WARN_INT_CONVERSION = YES;
				CLANG_WARN_OBJC_ROOT_CLASS = YES_ERROR;
				CLANG_WARN_UNREACHABLE_CODE = YES;
				CLANG_WARN__DUPLICATE_METHOD_MATCH = YES;
				"CODE_SIGN_IDENTITY[sdk=iphoneos*]" = "iPhone Developer";
				COPY_PHASE_STRIP = NO;
				DEBUG_INFORMATION_FORMAT = "dwarf-with-dsym";
				ENABLE_NS_ASSERTIONS = NO;
				ENABLE_STRICT_OBJC_MSGSEND = YES;
				GCC_C_LANGUAGE_STANDARD = gnu99;
				GCC_NO_COMMON_BLOCKS = YES;
				GCC_WARN_64_TO_32_BIT_CONVERSION = YES;
				GCC_WARN_ABOUT_RETURN_TYPE = YES_ERROR;
				GCC_WARN_UNDECLARED_SELECTOR = YES;
				GCC_WARN_UNINITIALIZED_AUTOS = YES_AGGRESSIVE;
				GCC_WARN_UNUSED_FUNCTION = YES;
				GCC_WARN_UNUSED_VARIABLE = YES;
				IPHONEOS_DEPLOYMENT_TARGET = 9.2;
				MTL_ENABLE_DEBUG_INFO = NO;
				SDKROOT = iphoneos;
				VALIDATE_PRODUCT = YES;
			};
			name = Release;
		};
		83B5B7391CA9015B00C4D63B /* Debug */ = {
			isa = XCBuildConfiguration;
			buildSettings = {
				ASSETCATALOG_COMPILER_APPICON_NAME = AppIcon;
				INFOPLIST_FILE = "Apartments Croatia/Info.plist";
				LD_RUNPATH_SEARCH_PATHS = "$(inherited) @executable_path/Frameworks";
				PRODUCT_BUNDLE_IDENTIFIER = com.2plus2.apartment;
				PRODUCT_NAME = "$(TARGET_NAME)";
			};
			name = Debug;
		};
		83B5B73A1CA9015B00C4D63B /* Release */ = {
			isa = XCBuildConfiguration;
			buildSettings = {
				ASSETCATALOG_COMPILER_APPICON_NAME = AppIcon;
				INFOPLIST_FILE = "Apartments Croatia/Info.plist";
				LD_RUNPATH_SEARCH_PATHS = "$(inherited) @executable_path/Frameworks";
				PRODUCT_BUNDLE_IDENTIFIER = com.2plus2.apartment;
				PRODUCT_NAME = "$(TARGET_NAME)";
			};
			name = Release;
		};
/* End XCBuildConfiguration section */

/* Begin XCConfigurationList section */
		83B5B7211CA9015B00C4D63B /* Build configuration list for PBXProject "Apartments Croatia" */ = {
			isa = XCConfigurationList;
			buildConfigurations = (
				83B5B7361CA9015B00C4D63B /* Debug */,
				83B5B7371CA9015B00C4D63B /* Release */,
			);
			defaultConfigurationIsVisible = 0;
			defaultConfigurationName = Release;
		};
		83B5B7381CA9015B00C4D63B /* Build configuration list for PBXNativeTarget "Apartments Croatia" */ = {
			isa = XCConfigurationList;
			buildConfigurations = (
				83B5B7391CA9015B00C4D63B /* Debug */,
				83B5B73A1CA9015B00C4D63B /* Release */,
			);
			defaultConfigurationIsVisible = 0;
			defaultConfigurationName = Release;
		};
/* End XCConfigurationList section */

/* Begin XCVersionGroup section */
		83E21A0E1CAA9E3000BA5EA0 /* Model.xcdatamodeld */ = {
			isa = XCVersionGroup;
			children = (
				83E21A0F1CAA9E3000BA5EA0 /* Model.xcdatamodel */,
			);
			currentVersion = 83E21A0F1CAA9E3000BA5EA0 /* Model.xcdatamodel */;
			path = Model.xcdatamodeld;
			sourceTree = "<group>";
			versionGroupType = wrapper.xcdatamodel;
		};
/* End XCVersionGroup section */
	};
	rootObject = 83B5B71E1CA9015B00C4D63B /* Project object */;
}
